// !$*UTF8*$!
{
	archiveVersion = 1;
	classes = {
	};
	objectVersion = 55;
	objects = {

/* Begin PBXBuildFile section */
		1FDD51F829BBB4FD0014502D /* AppDelegate.swift in Sources */ = {isa = PBXBuildFile; fileRef = 1FDD51F729BBB4FD0014502D /* AppDelegate.swift */; };
		1FDD51FA29BBB4FD0014502D /* SceneDelegate.swift in Sources */ = {isa = PBXBuildFile; fileRef = 1FDD51F929BBB4FD0014502D /* SceneDelegate.swift */; };
		1FDD51FF29BBB4FD0014502D /* Main.storyboard in Resources */ = {isa = PBXBuildFile; fileRef = 1FDD51FD29BBB4FD0014502D /* Main.storyboard */; };
		1FDD520129BBB5030014502D /* Assets.xcassets in Resources */ = {isa = PBXBuildFile; fileRef = 1FDD520029BBB5030014502D /* Assets.xcassets */; };
		1FDD520429BBB5030014502D /* LaunchScreen.storyboard in Resources */ = {isa = PBXBuildFile; fileRef = 1FDD520229BBB5030014502D /* LaunchScreen.storyboard */; };
		1FDD520D29BBBCFA0014502D /* EventsTableViewController.swift in Sources */ = {isa = PBXBuildFile; fileRef = 1FDD520C29BBBCFA0014502D /* EventsTableViewController.swift */; };
		1FDD520F29BBBDA30014502D /* EventTableViewCell.swift in Sources */ = {isa = PBXBuildFile; fileRef = 1FDD520E29BBBDA30014502D /* EventTableViewCell.swift */; };
		1FDD521229BBCBCE0014502D /* Event.swift in Sources */ = {isa = PBXBuildFile; fileRef = 1FDD521129BBCBCE0014502D /* Event.swift */; };
/* End PBXBuildFile section */

/* Begin PBXFileReference section */
		1FDD51F429BBB4FD0014502D /* GithubEvents.app */ = {isa = PBXFileReference; explicitFileType = wrapper.application; includeInIndex = 0; path = GithubEvents.app; sourceTree = BUILT_PRODUCTS_DIR; };
		1FDD51F729BBB4FD0014502D /* AppDelegate.swift */ = {isa = PBXFileReference; lastKnownFileType = sourcecode.swift; path = AppDelegate.swift; sourceTree = "<group>"; };
		1FDD51F929BBB4FD0014502D /* SceneDelegate.swift */ = {isa = PBXFileReference; lastKnownFileType = sourcecode.swift; path = SceneDelegate.swift; sourceTree = "<group>"; };
		1FDD51FE29BBB4FD0014502D /* Base */ = {isa = PBXFileReference; lastKnownFileType = file.storyboard; name = Base; path = Base.lproj/Main.storyboard; sourceTree = "<group>"; };
		1FDD520029BBB5030014502D /* Assets.xcassets */ = {isa = PBXFileReference; lastKnownFileType = folder.assetcatalog; path = Assets.xcassets; sourceTree = "<group>"; };
		1FDD520329BBB5030014502D /* Base */ = {isa = PBXFileReference; lastKnownFileType = file.storyboard; name = Base; path = Base.lproj/LaunchScreen.storyboard; sourceTree = "<group>"; };
		1FDD520529BBB5030014502D /* Info.plist */ = {isa = PBXFileReference; lastKnownFileType = text.plist.xml; path = Info.plist; sourceTree = "<group>"; };
		1FDD520C29BBBCFA0014502D /* EventsTableViewController.swift */ = {isa = PBXFileReference; lastKnownFileType = sourcecode.swift; path = EventsTableViewController.swift; sourceTree = "<group>"; };
		1FDD520E29BBBDA30014502D /* EventTableViewCell.swift */ = {isa = PBXFileReference; lastKnownFileType = sourcecode.swift; path = EventTableViewCell.swift; sourceTree = "<group>"; };
		1FDD521129BBCBCE0014502D /* Event.swift */ = {isa = PBXFileReference; lastKnownFileType = sourcecode.swift; path = Event.swift; sourceTree = "<group>"; };
/* End PBXFileReference section */

/* Begin PBXFrameworksBuildPhase section */
		1FDD51F129BBB4FD0014502D /* Frameworks */ = {
			isa = PBXFrameworksBuildPhase;
			buildActionMask = 2147483647;
			files = (
			);
			runOnlyForDeploymentPostprocessing = 0;
		};
/* End PBXFrameworksBuildPhase section */

/* Begin PBXGroup section */
		1FDD51EB29BBB4FC0014502D = {
			isa = PBXGroup;
			children = (
				1FDD51F629BBB4FD0014502D /* GithubEvents */,
				1FDD51F529BBB4FD0014502D /* Products */,
			);
			sourceTree = "<group>";
		};
		1FDD51F529BBB4FD0014502D /* Products */ = {
			isa = PBXGroup;
			children = (
				1FDD51F429BBB4FD0014502D /* GithubEvents.app */,
			);
			name = Products;
			sourceTree = "<group>";
		};
		1FDD51F629BBB4FD0014502D /* GithubEvents */ = {
			isa = PBXGroup;
			children = (
				1FDD521029BBCB980014502D /* Models */,
				1FDD520B29BBBCB80014502D /* Views */,
				1FDD51F729BBB4FD0014502D /* AppDelegate.swift */,
				1FDD51F929BBB4FD0014502D /* SceneDelegate.swift */,
				1FDD520029BBB5030014502D /* Assets.xcassets */,
				1FDD520229BBB5030014502D /* LaunchScreen.storyboard */,
				1FDD520529BBB5030014502D /* Info.plist */,
			);
			path = GithubEvents;
			sourceTree = "<group>";
		};
		1FDD520B29BBBCB80014502D /* Views */ = {
			isa = PBXGroup;
			children = (
				1FDD51FD29BBB4FD0014502D /* Main.storyboard */,
				1FDD520C29BBBCFA0014502D /* EventsTableViewController.swift */,
				1FDD520E29BBBDA30014502D /* EventTableViewCell.swift */,
			);
			path = Views;
			sourceTree = "<group>";
		};
		1FDD521029BBCB980014502D /* Models */ = {
			isa = PBXGroup;
			children = (
				1FDD521129BBCBCE0014502D /* Event.swift */,
			);
			path = Models;
			sourceTree = "<group>";
		};
/* End PBXGroup section */

/* Begin PBXNativeTarget section */
		1FDD51F329BBB4FD0014502D /* GithubEvents */ = {
			isa = PBXNativeTarget;
			buildConfigurationList = 1FDD520829BBB5030014502D /* Build configuration list for PBXNativeTarget "GithubEvents" */;
			buildPhases = (
				1FDD51F029BBB4FD0014502D /* Sources */,
				1FDD51F129BBB4FD0014502D /* Frameworks */,
				1FDD51F229BBB4FD0014502D /* Resources */,
			);
			buildRules = (
			);
			dependencies = (
			);
			name = GithubEvents;
			productName = GithubEvents;
			productReference = 1FDD51F429BBB4FD0014502D /* GithubEvents.app */;
			productType = "com.apple.product-type.application";
		};
/* End PBXNativeTarget section */

/* Begin PBXProject section */
		1FDD51EC29BBB4FC0014502D /* Project object */ = {
			isa = PBXProject;
			attributes = {
				BuildIndependentTargetsInParallel = 1;
				LastSwiftUpdateCheck = 1320;
				LastUpgradeCheck = 1320;
				TargetAttributes = {
					1FDD51F329BBB4FD0014502D = {
						CreatedOnToolsVersion = 13.2.1;
					};
				};
			};
			buildConfigurationList = 1FDD51EF29BBB4FC0014502D /* Build configuration list for PBXProject "GithubEvents" */;
			compatibilityVersion = "Xcode 13.0";
			developmentRegion = en;
			hasScannedForEncodings = 0;
			knownRegions = (
				en,
				Base,
			);
			mainGroup = 1FDD51EB29BBB4FC0014502D;
			productRefGroup = 1FDD51F529BBB4FD0014502D /* Products */;
			projectDirPath = "";
			projectRoot = "";
			targets = (
				1FDD51F329BBB4FD0014502D /* GithubEvents */,
			);
		};
/* End PBXProject section */

/* Begin PBXResourcesBuildPhase section */
		1FDD51F229BBB4FD0014502D /* Resources */ = {
			isa = PBXResourcesBuildPhase;
			buildActionMask = 2147483647;
			files = (
				1FDD520429BBB5030014502D /* LaunchScreen.storyboard in Resources */,
				1FDD520129BBB5030014502D /* Assets.xcassets in Resources */,
				1FDD51FF29BBB4FD0014502D /* Main.storyboard in Resources */,
			);
			runOnlyForDeploymentPostprocessing = 0;
		};
/* End PBXResourcesBuildPhase section */

/* Begin PBXSourcesBuildPhase section */
		1FDD51F029BBB4FD0014502D /* Sources */ = {
			isa = PBXSourcesBuildPhase;
			buildActionMask = 2147483647;
			files = (
				1FDD520F29BBBDA30014502D /* EventTableViewCell.swift in Sources */,
				1FDD51F829BBB4FD0014502D /* AppDelegate.swift in Sources */,
				1FDD51FA29BBB4FD0014502D /* SceneDelegate.swift in Sources */,
				1FDD520D29BBBCFA0014502D /* EventsTableViewController.swift in Sources */,
				1FDD521229BBCBCE0014502D /* Event.swift in Sources */,
			);
			runOnlyForDeploymentPostprocessing = 0;
		};
/* End PBXSourcesBuildPhase section */

/* Begin PBXVariantGroup section */
		1FDD51FD29BBB4FD0014502D /* Main.storyboard */ = {
			isa = PBXVariantGroup;
			children = (
				1FDD51FE29BBB4FD0014502D /* Base */,
			);
			name = Main.storyboard;
			sourceTree = "<group>";
		};
		1FDD520229BBB5030014502D /* LaunchScreen.storyboard */ = {
			isa = PBXVariantGroup;
			children = (
				1FDD520329BBB5030014502D /* Base */,
			);
			name = LaunchScreen.storyboard;
			sourceTree = "<group>";
		};
/* End PBXVariantGroup section */

/* Begin XCBuildConfiguration section */
		1FDD520629BBB5030014502D /* Debug */ = {
			isa = XCBuildConfiguration;
			buildSettings = {
				ALWAYS_SEARCH_USER_PATHS = NO;
				CLANG_ANALYZER_NONNULL = YES;
				CLANG_ANALYZER_NUMBER_OBJECT_CONVERSION = YES_AGGRESSIVE;
				CLANG_CXX_LANGUAGE_STANDARD = "gnu++17";
				CLANG_CXX_LIBRARY = "libc++";
				CLANG_ENABLE_MODULES = YES;
				CLANG_ENABLE_OBJC_ARC = YES;
				CLANG_ENABLE_OBJC_WEAK = YES;
				CLANG_WARN_BLOCK_CAPTURE_AUTORELEASING = YES;
				CLANG_WARN_BOOL_CONVERSION = YES;
				CLANG_WARN_COMMA = YES;
				CLANG_WARN_CONSTANT_CONVERSION = YES;
				CLANG_WARN_DEPRECATED_OBJC_IMPLEMENTATIONS = YES;
				CLANG_WARN_DIRECT_OBJC_ISA_USAGE = YES_ERROR;
				CLANG_WARN_DOCUMENTATION_COMMENTS = YES;
				CLANG_WARN_EMPTY_BODY = YES;
				CLANG_WARN_ENUM_CONVERSION = YES;
				CLANG_WARN_INFINITE_RECURSION = YES;
				CLANG_WARN_INT_CONVERSION = YES;
				CLANG_WARN_NON_LITERAL_NULL_CONVERSION = YES;
				CLANG_WARN_OBJC_IMPLICIT_RETAIN_SELF = YES;
				CLANG_WARN_OBJC_LITERAL_CONVERSION = YES;
				CLANG_WARN_OBJC_ROOT_CLASS = YES_ERROR;
				CLANG_WARN_QUOTED_INCLUDE_IN_FRAMEWORK_HEADER = YES;
				CLANG_WARN_RANGE_LOOP_ANALYSIS = YES;
				CLANG_WARN_STRICT_PROTOTYPES = YES;
				CLANG_WARN_SUSPICIOUS_MOVE = YES;
				CLANG_WARN_UNGUARDED_AVAILABILITY = YES_AGGRESSIVE;
				CLANG_WARN_UNREACHABLE_CODE = YES;
				CLANG_WARN__DUPLICATE_METHOD_MATCH = YES;
				COPY_PHASE_STRIP = NO;
				DEBUG_INFORMATION_FORMAT = dwarf;
				ENABLE_STRICT_OBJC_MSGSEND = YES;
				ENABLE_TESTABILITY = YES;
				GCC_C_LANGUAGE_STANDARD = gnu11;
				GCC_DYNAMIC_NO_PIC = NO;
				GCC_NO_COMMON_BLOCKS = YES;
				GCC_OPTIMIZATION_LEVEL = 0;
				GCC_PREPROCESSOR_DEFINITIONS = (
					"DEBUG=1",
					"$(inherited)",
				);
				GCC_WARN_64_TO_32_BIT_CONVERSION = YES;
				GCC_WARN_ABOUT_RETURN_TYPE = YES_ERROR;
				GCC_WARN_UNDECLARED_SELECTOR = YES;
				GCC_WARN_UNINITIALIZED_AUTOS = YES_AGGRESSIVE;
				GCC_WARN_UNUSED_FUNCTION = YES;
				GCC_WARN_UNUSED_VARIABLE = YES;
				IPHONEOS_DEPLOYMENT_TARGET = 15.2;
				MTL_ENABLE_DEBUG_INFO = INCLUDE_SOURCE;
				MTL_FAST_MATH = YES;
				ONLY_ACTIVE_ARCH = YES;
				SDKROOT = iphoneos;
				SWIFT_ACTIVE_COMPILATION_CONDITIONS = DEBUG;
				SWIFT_OPTIMIZATION_LEVEL = "-Onone";
			};
			name = Debug;
		};
		1FDD520729BBB5030014502D /* Release */ = {
			isa = XCBuildConfiguration;
			buildSettings = {
				ALWAYS_SEARCH_USER_PATHS = NO;
				CLANG_ANALYZER_NONNULL = YES;
				CLANG_ANALYZER_NUMBER_OBJECT_CONVERSION = YES_AGGRESSIVE;
				CLANG_CXX_LANGUAGE_STANDARD = "gnu++17";
				CLANG_CXX_LIBRARY = "libc++";
				CLANG_ENABLE_MODULES = YES;
				CLANG_ENABLE_OBJC_ARC = YES;
				CLANG_ENABLE_OBJC_WEAK = YES;
				CLANG_WARN_BLOCK_CAPTURE_AUTORELEASING = YES;
				CLANG_WARN_BOOL_CONVERSION = YES;
				CLANG_WARN_COMMA = YES;
				CLANG_WARN_CONSTANT_CONVERSION = YES;
				CLANG_WARN_DEPRECATED_OBJC_IMPLEMENTATIONS = YES;
				CLANG_WARN_DIRECT_OBJC_ISA_USAGE = YES_ERROR;
				CLANG_WARN_DOCUMENTATION_COMMENTS = YES;
				CLANG_WARN_EMPTY_BODY = YES;
				CLANG_WARN_ENUM_CONVERSION = YES;
				CLANG_WARN_INFINITE_RECURSION = YES;
				CLANG_WARN_INT_CONVERSION = YES;
				CLANG_WARN_NON_LITERAL_NULL_CONVERSION = YES;
				CLANG_WARN_OBJC_IMPLICIT_RETAIN_SELF = YES;
				CLANG_WARN_OBJC_LITERAL_CONVERSION = YES;
				CLANG_WARN_OBJC_ROOT_CLASS = YES_ERROR;
				CLANG_WARN_QUOTED_INCLUDE_IN_FRAMEWORK_HEADER = YES;
				CLANG_WARN_RANGE_LOOP_ANALYSIS = YES;
				CLANG_WARN_STRICT_PROTOTYPES = YES;
				CLANG_WARN_SUSPICIOUS_MOVE = YES;
				CLANG_WARN_UNGUARDED_AVAILABILITY = YES_AGGRESSIVE;
				CLANG_WARN_UNREACHABLE_CODE = YES;
				CLANG_WARN__DUPLICATE_METHOD_MATCH = YES;
				COPY_PHASE_STRIP = NO;
				DEBUG_INFORMATION_FORMAT = "dwarf-with-dsym";
				ENABLE_NS_ASSERTIONS = NO;
				ENABLE_STRICT_OBJC_MSGSEND = YES;
				GCC_C_LANGUAGE_STANDARD = gnu11;
				GCC_NO_COMMON_BLOCKS = YES;
				GCC_WARN_64_TO_32_BIT_CONVERSION = YES;
				GCC_WARN_ABOUT_RETURN_TYPE = YES_ERROR;
				GCC_WARN_UNDECLARED_SELECTOR = YES;
				GCC_WARN_UNINITIALIZED_AUTOS = YES_AGGRESSIVE;
				GCC_WARN_UNUSED_FUNCTION = YES;
				GCC_WARN_UNUSED_VARIABLE = YES;
				IPHONEOS_DEPLOYMENT_TARGET = 15.2;
				MTL_ENABLE_DEBUG_INFO = NO;
				MTL_FAST_MATH = YES;
				SDKROOT = iphoneos;
				SWIFT_COMPILATION_MODE = wholemodule;
				SWIFT_OPTIMIZATION_LEVEL = "-O";
				VALIDATE_PRODUCT = YES;
			};
			name = Release;
		};
		1FDD520929BBB5030014502D /* Debug */ = {
			isa = XCBuildConfiguration;
			buildSettings = {
				ASSETCATALOG_COMPILER_APPICON_NAME = AppIcon;
				ASSETCATALOG_COMPILER_GLOBAL_ACCENT_COLOR_NAME = AccentColor;
				CODE_SIGN_STYLE = Automatic;
				CURRENT_PROJECT_VERSION = 1;
				DEVELOPMENT_TEAM = Q9RJPHW4B8;
				GENERATE_INFOPLIST_FILE = YES;
				INFOPLIST_FILE = GithubEvents/Info.plist;
				INFOPLIST_KEY_UIApplicationSupportsIndirectInputEvents = YES;
				INFOPLIST_KEY_UILaunchStoryboardName = LaunchScreen;
				INFOPLIST_KEY_UIMainStoryboardFile = Main;
				INFOPLIST_KEY_UISupportedInterfaceOrientations_iPad = "UIInterfaceOrientationPortrait UIInterfaceOrientationPortraitUpsideDown UIInterfaceOrientationLandscapeLeft UIInterfaceOrientationLandscapeRight";
				INFOPLIST_KEY_UISupportedInterfaceOrientations_iPhone = "UIInterfaceOrientationPortrait UIInterfaceOrientationLandscapeLeft UIInterfaceOrientationLandscapeRight";
				LD_RUNPATH_SEARCH_PATHS = (
					"$(inherited)",
					"@executable_path/Frameworks",
				);
				MARKETING_VERSION = 1.0;
				PRODUCT_BUNDLE_IDENTIFIER = com.muntalapps.GithubEvents;
				PRODUCT_NAME = "$(TARGET_NAME)";
				SWIFT_EMIT_LOC_STRINGS = YES;
				SWIFT_VERSION = 5.0;
				TARGETED_DEVICE_FAMILY = "1,2";
			};
			name = Debug;
		};
		1FDD520A29BBB5030014502D /* Release */ = {
			isa = XCBuildConfiguration;
			buildSettings = {
				ASSETCATALOG_COMPILER_APPICON_NAME = AppIcon;
				ASSETCATALOG_COMPILER_GLOBAL_ACCENT_COLOR_NAME = AccentColor;
				CODE_SIGN_STYLE = Automatic;
				CURRENT_PROJECT_VERSION = 1;
				DEVELOPMENT_TEAM = Q9RJPHW4B8;
				GENERATE_INFOPLIST_FILE = YES;
				INFOPLIST_FILE = GithubEvents/Info.plist;
				INFOPLIST_KEY_UIApplicationSupportsIndirectInputEvents = YES;
				INFOPLIST_KEY_UILaunchStoryboardName = LaunchScreen;
				INFOPLIST_KEY_UIMainStoryboardFile = Main;
				INFOPLIST_KEY_UISupportedInterfaceOrientations_iPad = "UIInterfaceOrientationPortrait UIInterfaceOrientationPortraitUpsideDown UIInterfaceOrientationLandscapeLeft UIInterfaceOrientationLandscapeRight";
				INFOPLIST_KEY_UISupportedInterfaceOrientations_iPhone = "UIInterfaceOrientationPortrait UIInterfaceOrientationLandscapeLeft UIInterfaceOrientationLandscapeRight";
				LD_RUNPATH_SEARCH_PATHS = (
					"$(inherited)",
					"@executable_path/Frameworks",
				);
				MARKETING_VERSION = 1.0;
				PRODUCT_BUNDLE_IDENTIFIER = com.muntalapps.GithubEvents;
				PRODUCT_NAME = "$(TARGET_NAME)";
				SWIFT_EMIT_LOC_STRINGS = YES;
				SWIFT_VERSION = 5.0;
				TARGETED_DEVICE_FAMILY = "1,2";
			};
			name = Release;
		};
/* End XCBuildConfiguration section */

/* Begin XCConfigurationList section */
		1FDD51EF29BBB4FC0014502D /* Build configuration list for PBXProject "GithubEvents" */ = {
			isa = XCConfigurationList;
			buildConfigurations = (
				1FDD520629BBB5030014502D /* Debug */,
				1FDD520729BBB5030014502D /* Release */,
			);
			defaultConfigurationIsVisible = 0;
			defaultConfigurationName = Release;
		};
		1FDD520829BBB5030014502D /* Build configuration list for PBXNativeTarget "GithubEvents" */ = {
			isa = XCConfigurationList;
			buildConfigurations = (
				1FDD520929BBB5030014502D /* Debug */,
				1FDD520A29BBB5030014502D /* Release */,
			);
			defaultConfigurationIsVisible = 0;
			defaultConfigurationName = Release;
		};
/* End XCConfigurationList section */
	};
	rootObject = 1FDD51EC29BBB4FC0014502D /* Project object */;
}
